// !$*UTF8*$!
{
	archiveVersion = 1;
	classes = {
	};
	objectVersion = 50;
	objects = {

/* Begin PBXBuildFile section */
		7A5D33E825E7F24100935D97 /* GradiendBackground.swift in Sources */ = {isa = PBXBuildFile; fileRef = 7A5D33E725E7F24100935D97 /* GradiendBackground.swift */; };
		7A5D33EB25E7F2C800935D97 /* Background.swift in Sources */ = {isa = PBXBuildFile; fileRef = 7A5D33EA25E7F2C800935D97 /* Background.swift */; };
		7A5D33EE25E8142100935D97 /* HeaderCell.swift in Sources */ = {isa = PBXBuildFile; fileRef = 7A5D33ED25E8142100935D97 /* HeaderCell.swift */; };
		7A6580F325D96850001810BF /* FriendsTableViewController.swift in Sources */ = {isa = PBXBuildFile; fileRef = 7A6580F225D96850001810BF /* FriendsTableViewController.swift */; };
		7A79D52925DDA7A4003BF42D /* FriendsCell.swift in Sources */ = {isa = PBXBuildFile; fileRef = 7A79D52825DDA7A4003BF42D /* FriendsCell.swift */; };
		7A79D52C25DDA7E1003BF42D /* FriendsData.swift in Sources */ = {isa = PBXBuildFile; fileRef = 7A79D52B25DDA7E1003BF42D /* FriendsData.swift */; };
		7A87EB9325DE754000214314 /* FriendsPhotos.swift in Sources */ = {isa = PBXBuildFile; fileRef = 7A87EB9225DE754000214314 /* FriendsPhotos.swift */; };
		7A87EBB825DE9F7E00214314 /* MyGroupsTableView.swift in Sources */ = {isa = PBXBuildFile; fileRef = 7A87EBB725DE9F7E00214314 /* MyGroupsTableView.swift */; };
		7A87EBBE25DE9FA300214314 /* MyGroupsCell.swift in Sources */ = {isa = PBXBuildFile; fileRef = 7A87EBBD25DE9FA300214314 /* MyGroupsCell.swift */; };
		7A87EBC225DE9FCA00214314 /* MyGroups.swift in Sources */ = {isa = PBXBuildFile; fileRef = 7A87EBC125DE9FCA00214314 /* MyGroups.swift */; };
		7A90F16925D8180700AFE203 /* AppDelegate.swift in Sources */ = {isa = PBXBuildFile; fileRef = 7A90F16825D8180700AFE203 /* AppDelegate.swift */; };
		7A90F16B25D8180700AFE203 /* SceneDelegate.swift in Sources */ = {isa = PBXBuildFile; fileRef = 7A90F16A25D8180700AFE203 /* SceneDelegate.swift */; };
		7A90F16D25D8180700AFE203 /* ViewController.swift in Sources */ = {isa = PBXBuildFile; fileRef = 7A90F16C25D8180700AFE203 /* ViewController.swift */; };
		7A90F17025D8180700AFE203 /* Main.storyboard in Resources */ = {isa = PBXBuildFile; fileRef = 7A90F16E25D8180700AFE203 /* Main.storyboard */; };
		7A90F17225D8180900AFE203 /* Assets.xcassets in Resources */ = {isa = PBXBuildFile; fileRef = 7A90F17125D8180900AFE203 /* Assets.xcassets */; };
		7A90F17525D8180900AFE203 /* LaunchScreen.storyboard in Resources */ = {isa = PBXBuildFile; fileRef = 7A90F17325D8180900AFE203 /* LaunchScreen.storyboard */; };
		7ACA638D25DE61DE00A1E6F4 /* FriendPhotosCell.swift in Sources */ = {isa = PBXBuildFile; fileRef = 7ACA638C25DE61DE00A1E6F4 /* FriendPhotosCell.swift */; };
		7ACA639325DE655700A1E6F4 /* FriendsPhotosCollection.swift in Sources */ = {isa = PBXBuildFile; fileRef = 7ACA639225DE655700A1E6F4 /* FriendsPhotosCollection.swift */; };
		7AD5A9B625E5367800E97278 /* AvatarView.swift in Sources */ = {isa = PBXBuildFile; fileRef = 7AD5A9B525E5367800E97278 /* AvatarView.swift */; };
		7AD5A9BE25E582B100E97278 /* LikeView.swift in Sources */ = {isa = PBXBuildFile; fileRef = 7AD5A9BD25E582B100E97278 /* LikeView.swift */; };
		7AECECB725DEB62C00F6B37B /* AddGroupsTableView.swift in Sources */ = {isa = PBXBuildFile; fileRef = 7AECECB625DEB62C00F6B37B /* AddGroupsTableView.swift */; };
		7AECECBA25DEB64100F6B37B /* AddGroupsCell.swift in Sources */ = {isa = PBXBuildFile; fileRef = 7AECECB925DEB64100F6B37B /* AddGroupsCell.swift */; };
/* End PBXBuildFile section */

/* Begin PBXFileReference section */
		7A5D33E725E7F24100935D97 /* GradiendBackground.swift */ = {isa = PBXFileReference; lastKnownFileType = sourcecode.swift; path = GradiendBackground.swift; sourceTree = "<group>"; };
		7A5D33EA25E7F2C800935D97 /* Background.swift */ = {isa = PBXFileReference; lastKnownFileType = sourcecode.swift; path = Background.swift; sourceTree = "<group>"; };
		7A5D33ED25E8142100935D97 /* HeaderCell.swift */ = {isa = PBXFileReference; lastKnownFileType = sourcecode.swift; path = HeaderCell.swift; sourceTree = "<group>"; };
		7A6580F225D96850001810BF /* FriendsTableViewController.swift */ = {isa = PBXFileReference; lastKnownFileType = sourcecode.swift; path = FriendsTableViewController.swift; sourceTree = "<group>"; };
		7A79D52825DDA7A4003BF42D /* FriendsCell.swift */ = {isa = PBXFileReference; lastKnownFileType = sourcecode.swift; path = FriendsCell.swift; sourceTree = "<group>"; };
		7A79D52B25DDA7E1003BF42D /* FriendsData.swift */ = {isa = PBXFileReference; lastKnownFileType = sourcecode.swift; path = FriendsData.swift; sourceTree = "<group>"; };
		7A87EB9225DE754000214314 /* FriendsPhotos.swift */ = {isa = PBXFileReference; lastKnownFileType = sourcecode.swift; path = FriendsPhotos.swift; sourceTree = "<group>"; };
		7A87EBB725DE9F7E00214314 /* MyGroupsTableView.swift */ = {isa = PBXFileReference; lastKnownFileType = sourcecode.swift; path = MyGroupsTableView.swift; sourceTree = "<group>"; };
		7A87EBBD25DE9FA300214314 /* MyGroupsCell.swift */ = {isa = PBXFileReference; lastKnownFileType = sourcecode.swift; path = MyGroupsCell.swift; sourceTree = "<group>"; };
		7A87EBC125DE9FCA00214314 /* MyGroups.swift */ = {isa = PBXFileReference; lastKnownFileType = sourcecode.swift; path = MyGroups.swift; sourceTree = "<group>"; };
		7A90F16525D8180700AFE203 /* Onishchenko_GB_VK.app */ = {isa = PBXFileReference; explicitFileType = wrapper.application; includeInIndex = 0; path = Onishchenko_GB_VK.app; sourceTree = BUILT_PRODUCTS_DIR; };
		7A90F16825D8180700AFE203 /* AppDelegate.swift */ = {isa = PBXFileReference; lastKnownFileType = sourcecode.swift; path = AppDelegate.swift; sourceTree = "<group>"; };
		7A90F16A25D8180700AFE203 /* SceneDelegate.swift */ = {isa = PBXFileReference; lastKnownFileType = sourcecode.swift; path = SceneDelegate.swift; sourceTree = "<group>"; };
		7A90F16C25D8180700AFE203 /* ViewController.swift */ = {isa = PBXFileReference; lastKnownFileType = sourcecode.swift; path = ViewController.swift; sourceTree = "<group>"; };
		7A90F16F25D8180700AFE203 /* Base */ = {isa = PBXFileReference; lastKnownFileType = file.storyboard; name = Base; path = Base.lproj/Main.storyboard; sourceTree = "<group>"; };
		7A90F17125D8180900AFE203 /* Assets.xcassets */ = {isa = PBXFileReference; lastKnownFileType = folder.assetcatalog; path = Assets.xcassets; sourceTree = "<group>"; };
		7A90F17425D8180900AFE203 /* Base */ = {isa = PBXFileReference; lastKnownFileType = file.storyboard; name = Base; path = Base.lproj/LaunchScreen.storyboard; sourceTree = "<group>"; };
		7A90F17625D8180900AFE203 /* Info.plist */ = {isa = PBXFileReference; lastKnownFileType = text.plist.xml; path = Info.plist; sourceTree = "<group>"; };
		7ACA638C25DE61DE00A1E6F4 /* FriendPhotosCell.swift */ = {isa = PBXFileReference; lastKnownFileType = sourcecode.swift; path = FriendPhotosCell.swift; sourceTree = "<group>"; };
		7ACA639225DE655700A1E6F4 /* FriendsPhotosCollection.swift */ = {isa = PBXFileReference; lastKnownFileType = sourcecode.swift; path = FriendsPhotosCollection.swift; sourceTree = "<group>"; };
		7AD5A9B525E5367800E97278 /* AvatarView.swift */ = {isa = PBXFileReference; lastKnownFileType = sourcecode.swift; path = AvatarView.swift; sourceTree = "<group>"; };
		7AD5A9BD25E582B100E97278 /* LikeView.swift */ = {isa = PBXFileReference; lastKnownFileType = sourcecode.swift; path = LikeView.swift; sourceTree = "<group>"; };
		7AECECB625DEB62C00F6B37B /* AddGroupsTableView.swift */ = {isa = PBXFileReference; lastKnownFileType = sourcecode.swift; path = AddGroupsTableView.swift; sourceTree = "<group>"; };
		7AECECB925DEB64100F6B37B /* AddGroupsCell.swift */ = {isa = PBXFileReference; lastKnownFileType = sourcecode.swift; path = AddGroupsCell.swift; sourceTree = "<group>"; };
/* End PBXFileReference section */

/* Begin PBXFrameworksBuildPhase section */
		7A90F16225D8180700AFE203 /* Frameworks */ = {
			isa = PBXFrameworksBuildPhase;
			buildActionMask = 2147483647;
			files = (
			);
			runOnlyForDeploymentPostprocessing = 0;
		};
/* End PBXFrameworksBuildPhase section */

/* Begin PBXGroup section */
		7A79D52F25DDA7FF003BF42D /* FriendsList */ = {
			isa = PBXGroup;
			children = (
				7A6580F225D96850001810BF /* FriendsTableViewController.swift */,
				7A79D52825DDA7A4003BF42D /* FriendsCell.swift */,
				7A79D52B25DDA7E1003BF42D /* FriendsData.swift */,
				7A5D33ED25E8142100935D97 /* HeaderCell.swift */,
			);
			path = FriendsList;
			sourceTree = "<group>";
		};
		7A87EBBB25DE9F8200214314 /* MyGroups */ = {
			isa = PBXGroup;
			children = (
				7A87EBB725DE9F7E00214314 /* MyGroupsTableView.swift */,
				7A87EBBD25DE9FA300214314 /* MyGroupsCell.swift */,
				7A87EBC125DE9FCA00214314 /* MyGroups.swift */,
			);
			path = MyGroups;
			sourceTree = "<group>";
		};
		7A90F15C25D8180700AFE203 = {
			isa = PBXGroup;
			children = (
				7A90F16725D8180700AFE203 /* Onishchenko_GB_VK */,
				7A90F16625D8180700AFE203 /* Products */,
			);
			sourceTree = "<group>";
		};
		7A90F16625D8180700AFE203 /* Products */ = {
			isa = PBXGroup;
			children = (
				7A90F16525D8180700AFE203 /* Onishchenko_GB_VK.app */,
			);
			name = Products;
			sourceTree = "<group>";
		};
		7A90F16725D8180700AFE203 /* Onishchenko_GB_VK */ = {
			isa = PBXGroup;
			children = (
				7A90F16825D8180700AFE203 /* AppDelegate.swift */,
				7A90F16A25D8180700AFE203 /* SceneDelegate.swift */,
				7A90F16C25D8180700AFE203 /* ViewController.swift */,
				7A90F16E25D8180700AFE203 /* Main.storyboard */,
				7A5D33EA25E7F2C800935D97 /* Background.swift */,
				7AD5A9BD25E582B100E97278 /* LikeView.swift */,
				7A5D33E725E7F24100935D97 /* GradiendBackground.swift */,
				7AD5A9B525E5367800E97278 /* AvatarView.swift */,
				7AECECBC25DEB64700F6B37B /* AddGroups */,
				7A87EBBB25DE9F8200214314 /* MyGroups */,
				7A79D52F25DDA7FF003BF42D /* FriendsList */,
				7ACA638F25DE61F300A1E6F4 /* FriendsPhotos */,
				7A90F17125D8180900AFE203 /* Assets.xcassets */,
				7A90F17325D8180900AFE203 /* LaunchScreen.storyboard */,
				7A90F17625D8180900AFE203 /* Info.plist */,
			);
			path = Onishchenko_GB_VK;
			sourceTree = "<group>";
		};
		7ACA638F25DE61F300A1E6F4 /* FriendsPhotos */ = {
			isa = PBXGroup;
			children = (
				7ACA639225DE655700A1E6F4 /* FriendsPhotosCollection.swift */,
				7ACA638C25DE61DE00A1E6F4 /* FriendPhotosCell.swift */,
				7A87EB9225DE754000214314 /* FriendsPhotos.swift */,
			);
			path = FriendsPhotos;
			sourceTree = "<group>";
		};
		7AECECBC25DEB64700F6B37B /* AddGroups */ = {
			isa = PBXGroup;
			children = (
				7AECECB625DEB62C00F6B37B /* AddGroupsTableView.swift */,
				7AECECB925DEB64100F6B37B /* AddGroupsCell.swift */,
			);
			path = AddGroups;
			sourceTree = "<group>";
		};
/* End PBXGroup section */

/* Begin PBXNativeTarget section */
		7A90F16425D8180700AFE203 /* Onishchenko_GB_VK */ = {
			isa = PBXNativeTarget;
			buildConfigurationList = 7A90F17925D8180900AFE203 /* Build configuration list for PBXNativeTarget "Onishchenko_GB_VK" */;
			buildPhases = (
				7A90F16125D8180700AFE203 /* Sources */,
				7A90F16225D8180700AFE203 /* Frameworks */,
				7A90F16325D8180700AFE203 /* Resources */,
			);
			buildRules = (
			);
			dependencies = (
			);
			name = Onishchenko_GB_VK;
			productName = Onishchenko_GB_VK;
			productReference = 7A90F16525D8180700AFE203 /* Onishchenko_GB_VK.app */;
			productType = "com.apple.product-type.application";
		};
/* End PBXNativeTarget section */

/* Begin PBXProject section */
		7A90F15D25D8180700AFE203 /* Project object */ = {
			isa = PBXProject;
			attributes = {
				LastSwiftUpdateCheck = 1210;
				LastUpgradeCheck = 1210;
				TargetAttributes = {
					7A90F16425D8180700AFE203 = {
						CreatedOnToolsVersion = 12.1;
					};
				};
			};
			buildConfigurationList = 7A90F16025D8180700AFE203 /* Build configuration list for PBXProject "Onishchenko_GB_VK" */;
			compatibilityVersion = "Xcode 9.3";
			developmentRegion = en;
			hasScannedForEncodings = 0;
			knownRegions = (
				en,
				Base,
			);
			mainGroup = 7A90F15C25D8180700AFE203;
			productRefGroup = 7A90F16625D8180700AFE203 /* Products */;
			projectDirPath = "";
			projectRoot = "";
			targets = (
				7A90F16425D8180700AFE203 /* Onishchenko_GB_VK */,
			);
		};
/* End PBXProject section */

/* Begin PBXResourcesBuildPhase section */
		7A90F16325D8180700AFE203 /* Resources */ = {
			isa = PBXResourcesBuildPhase;
			buildActionMask = 2147483647;
			files = (
				7A90F17525D8180900AFE203 /* LaunchScreen.storyboard in Resources */,
				7A90F17225D8180900AFE203 /* Assets.xcassets in Resources */,
				7A90F17025D8180700AFE203 /* Main.storyboard in Resources */,
			);
			runOnlyForDeploymentPostprocessing = 0;
		};
/* End PBXResourcesBuildPhase section */

/* Begin PBXSourcesBuildPhase section */
		7A90F16125D8180700AFE203 /* Sources */ = {
			isa = PBXSourcesBuildPhase;
			buildActionMask = 2147483647;
			files = (
				7A90F16D25D8180700AFE203 /* ViewController.swift in Sources */,
				7A87EBB825DE9F7E00214314 /* MyGroupsTableView.swift in Sources */,
				7A87EB9325DE754000214314 /* FriendsPhotos.swift in Sources */,
				7A79D52925DDA7A4003BF42D /* FriendsCell.swift in Sources */,
				7A79D52C25DDA7E1003BF42D /* FriendsData.swift in Sources */,
				7A5D33EB25E7F2C800935D97 /* Background.swift in Sources */,
				7A87EBBE25DE9FA300214314 /* MyGroupsCell.swift in Sources */,
				7A90F16925D8180700AFE203 /* AppDelegate.swift in Sources */,
				7A87EBC225DE9FCA00214314 /* MyGroups.swift in Sources */,
				7A5D33EE25E8142100935D97 /* HeaderCell.swift in Sources */,
				7ACA639325DE655700A1E6F4 /* FriendsPhotosCollection.swift in Sources */,
				7AD5A9BE25E582B100E97278 /* LikeView.swift in Sources */,
				7A6580F325D96850001810BF /* FriendsTableViewController.swift in Sources */,
				7ACA638D25DE61DE00A1E6F4 /* FriendPhotosCell.swift in Sources */,
				7AECECBA25DEB64100F6B37B /* AddGroupsCell.swift in Sources */,
				7A90F16B25D8180700AFE203 /* SceneDelegate.swift in Sources */,
				7A5D33E825E7F24100935D97 /* GradiendBackground.swift in Sources */,
				7AD5A9B625E5367800E97278 /* AvatarView.swift in Sources */,
				7AECECB725DEB62C00F6B37B /* AddGroupsTableView.swift in Sources */,
			);
			runOnlyForDeploymentPostprocessing = 0;
		};
/* End PBXSourcesBuildPhase section */

/* Begin PBXVariantGroup section */
		7A90F16E25D8180700AFE203 /* Main.storyboard */ = {
			isa = PBXVariantGroup;
			children = (
				7A90F16F25D8180700AFE203 /* Base */,
			);
			name = Main.storyboard;
			sourceTree = "<group>";
		};
		7A90F17325D8180900AFE203 /* LaunchScreen.storyboard */ = {
			isa = PBXVariantGroup;
			children = (
				7A90F17425D8180900AFE203 /* Base */,
			);
			name = LaunchScreen.storyboard;
			sourceTree = "<group>";
		};
/* End PBXVariantGroup section */

/* Begin XCBuildConfiguration section */
		7A90F17725D8180900AFE203 /* Debug */ = {
			isa = XCBuildConfiguration;
			buildSettings = {
				ALWAYS_SEARCH_USER_PATHS = NO;
				CLANG_ANALYZER_NONNULL = YES;
				CLANG_ANALYZER_NUMBER_OBJECT_CONVERSION = YES_AGGRESSIVE;
				CLANG_CXX_LANGUAGE_STANDARD = "gnu++14";
				CLANG_CXX_LIBRARY = "libc++";
				CLANG_ENABLE_MODULES = YES;
				CLANG_ENABLE_OBJC_ARC = YES;
				CLANG_ENABLE_OBJC_WEAK = YES;
				CLANG_WARN_BLOCK_CAPTURE_AUTORELEASING = YES;
				CLANG_WARN_BOOL_CONVERSION = YES;
				CLANG_WARN_COMMA = YES;
				CLANG_WARN_CONSTANT_CONVERSION = YES;
				CLANG_WARN_DEPRECATED_OBJC_IMPLEMENTATIONS = YES;
				CLANG_WARN_DIRECT_OBJC_ISA_USAGE = YES_ERROR;
				CLANG_WARN_DOCUMENTATION_COMMENTS = YES;
				CLANG_WARN_EMPTY_BODY = YES;
				CLANG_WARN_ENUM_CONVERSION = YES;
				CLANG_WARN_INFINITE_RECURSION = YES;
				CLANG_WARN_INT_CONVERSION = YES;
				CLANG_WARN_NON_LITERAL_NULL_CONVERSION = YES;
				CLANG_WARN_OBJC_IMPLICIT_RETAIN_SELF = YES;
				CLANG_WARN_OBJC_LITERAL_CONVERSION = YES;
				CLANG_WARN_OBJC_ROOT_CLASS = YES_ERROR;
				CLANG_WARN_QUOTED_INCLUDE_IN_FRAMEWORK_HEADER = YES;
				CLANG_WARN_RANGE_LOOP_ANALYSIS = YES;
				CLANG_WARN_STRICT_PROTOTYPES = YES;
				CLANG_WARN_SUSPICIOUS_MOVE = YES;
				CLANG_WARN_UNGUARDED_AVAILABILITY = YES_AGGRESSIVE;
				CLANG_WARN_UNREACHABLE_CODE = YES;
				CLANG_WARN__DUPLICATE_METHOD_MATCH = YES;
				COPY_PHASE_STRIP = NO;
				DEBUG_INFORMATION_FORMAT = dwarf;
				ENABLE_STRICT_OBJC_MSGSEND = YES;
				ENABLE_TESTABILITY = YES;
				GCC_C_LANGUAGE_STANDARD = gnu11;
				GCC_DYNAMIC_NO_PIC = NO;
				GCC_NO_COMMON_BLOCKS = YES;
				GCC_OPTIMIZATION_LEVEL = 0;
				GCC_PREPROCESSOR_DEFINITIONS = (
					"DEBUG=1",
					"$(inherited)",
				);
				GCC_WARN_64_TO_32_BIT_CONVERSION = YES;
				GCC_WARN_ABOUT_RETURN_TYPE = YES_ERROR;
				GCC_WARN_UNDECLARED_SELECTOR = YES;
				GCC_WARN_UNINITIALIZED_AUTOS = YES_AGGRESSIVE;
				GCC_WARN_UNUSED_FUNCTION = YES;
				GCC_WARN_UNUSED_VARIABLE = YES;
				IPHONEOS_DEPLOYMENT_TARGET = 14.1;
				MTL_ENABLE_DEBUG_INFO = INCLUDE_SOURCE;
				MTL_FAST_MATH = YES;
				ONLY_ACTIVE_ARCH = YES;
				SDKROOT = iphoneos;
				SWIFT_ACTIVE_COMPILATION_CONDITIONS = DEBUG;
				SWIFT_OPTIMIZATION_LEVEL = "-Onone";
			};
			name = Debug;
		};
		7A90F17825D8180900AFE203 /* Release */ = {
			isa = XCBuildConfiguration;
			buildSettings = {
				ALWAYS_SEARCH_USER_PATHS = NO;
				CLANG_ANALYZER_NONNULL = YES;
				CLANG_ANALYZER_NUMBER_OBJECT_CONVERSION = YES_AGGRESSIVE;
				CLANG_CXX_LANGUAGE_STANDARD = "gnu++14";
				CLANG_CXX_LIBRARY = "libc++";
				CLANG_ENABLE_MODULES = YES;
				CLANG_ENABLE_OBJC_ARC = YES;
				CLANG_ENABLE_OBJC_WEAK = YES;
				CLANG_WARN_BLOCK_CAPTURE_AUTORELEASING = YES;
				CLANG_WARN_BOOL_CONVERSION = YES;
				CLANG_WARN_COMMA = YES;
				CLANG_WARN_CONSTANT_CONVERSION = YES;
				CLANG_WARN_DEPRECATED_OBJC_IMPLEMENTATIONS = YES;
				CLANG_WARN_DIRECT_OBJC_ISA_USAGE = YES_ERROR;
				CLANG_WARN_DOCUMENTATION_COMMENTS = YES;
				CLANG_WARN_EMPTY_BODY = YES;
				CLANG_WARN_ENUM_CONVERSION = YES;
				CLANG_WARN_INFINITE_RECURSION = YES;
				CLANG_WARN_INT_CONVERSION = YES;
				CLANG_WARN_NON_LITERAL_NULL_CONVERSION = YES;
				CLANG_WARN_OBJC_IMPLICIT_RETAIN_SELF = YES;
				CLANG_WARN_OBJC_LITERAL_CONVERSION = YES;
				CLANG_WARN_OBJC_ROOT_CLASS = YES_ERROR;
				CLANG_WARN_QUOTED_INCLUDE_IN_FRAMEWORK_HEADER = YES;
				CLANG_WARN_RANGE_LOOP_ANALYSIS = YES;
				CLANG_WARN_STRICT_PROTOTYPES = YES;
				CLANG_WARN_SUSPICIOUS_MOVE = YES;
				CLANG_WARN_UNGUARDED_AVAILABILITY = YES_AGGRESSIVE;
				CLANG_WARN_UNREACHABLE_CODE = YES;
				CLANG_WARN__DUPLICATE_METHOD_MATCH = YES;
				COPY_PHASE_STRIP = NO;
				DEBUG_INFORMATION_FORMAT = "dwarf-with-dsym";
				ENABLE_NS_ASSERTIONS = NO;
				ENABLE_STRICT_OBJC_MSGSEND = YES;
				GCC_C_LANGUAGE_STANDARD = gnu11;
				GCC_NO_COMMON_BLOCKS = YES;
				GCC_WARN_64_TO_32_BIT_CONVERSION = YES;
				GCC_WARN_ABOUT_RETURN_TYPE = YES_ERROR;
				GCC_WARN_UNDECLARED_SELECTOR = YES;
				GCC_WARN_UNINITIALIZED_AUTOS = YES_AGGRESSIVE;
				GCC_WARN_UNUSED_FUNCTION = YES;
				GCC_WARN_UNUSED_VARIABLE = YES;
				IPHONEOS_DEPLOYMENT_TARGET = 14.1;
				MTL_ENABLE_DEBUG_INFO = NO;
				MTL_FAST_MATH = YES;
				SDKROOT = iphoneos;
				SWIFT_COMPILATION_MODE = wholemodule;
				SWIFT_OPTIMIZATION_LEVEL = "-O";
				VALIDATE_PRODUCT = YES;
			};
			name = Release;
		};
		7A90F17A25D8180900AFE203 /* Debug */ = {
			isa = XCBuildConfiguration;
			buildSettings = {
				ASSETCATALOG_COMPILER_APPICON_NAME = AppIcon;
				ASSETCATALOG_COMPILER_GLOBAL_ACCENT_COLOR_NAME = AccentColor;
				CODE_SIGN_STYLE = Automatic;
				DEVELOPMENT_TEAM = D3RBF3TPBM;
				INFOPLIST_FILE = Onishchenko_GB_VK/Info.plist;
				LD_RUNPATH_SEARCH_PATHS = (
					"$(inherited)",
					"@executable_path/Frameworks",
				);
				PRODUCT_BUNDLE_IDENTIFIER = "Onishchenko.Onishchenko-GB-VK";
				PRODUCT_NAME = "$(TARGET_NAME)";
				SWIFT_VERSION = 5.0;
				TARGETED_DEVICE_FAMILY = "1,2";
			};
			name = Debug;
		};
		7A90F17B25D8180900AFE203 /* Release */ = {
			isa = XCBuildConfiguration;
			buildSettings = {
				ASSETCATALOG_COMPILER_APPICON_NAME = AppIcon;
				ASSETCATALOG_COMPILER_GLOBAL_ACCENT_COLOR_NAME = AccentColor;
				CODE_SIGN_STYLE = Automatic;
				DEVELOPMENT_TEAM = D3RBF3TPBM;
				INFOPLIST_FILE = Onishchenko_GB_VK/Info.plist;
				LD_RUNPATH_SEARCH_PATHS = (
					"$(inherited)",
					"@executable_path/Frameworks",
				);
				PRODUCT_BUNDLE_IDENTIFIER = "Onishchenko.Onishchenko-GB-VK";
				PRODUCT_NAME = "$(TARGET_NAME)";
				SWIFT_VERSION = 5.0;
				TARGETED_DEVICE_FAMILY = "1,2";
			};
			name = Release;
		};
/* End XCBuildConfiguration section */

/* Begin XCConfigurationList section */
		7A90F16025D8180700AFE203 /* Build configuration list for PBXProject "Onishchenko_GB_VK" */ = {
			isa = XCConfigurationList;
			buildConfigurations = (
				7A90F17725D8180900AFE203 /* Debug */,
				7A90F17825D8180900AFE203 /* Release */,
			);
			defaultConfigurationIsVisible = 0;
			defaultConfigurationName = Release;
		};
		7A90F17925D8180900AFE203 /* Build configuration list for PBXNativeTarget "Onishchenko_GB_VK" */ = {
			isa = XCConfigurationList;
			buildConfigurations = (
				7A90F17A25D8180900AFE203 /* Debug */,
				7A90F17B25D8180900AFE203 /* Release */,
			);
			defaultConfigurationIsVisible = 0;
			defaultConfigurationName = Release;
		};
/* End XCConfigurationList section */
	};
	rootObject = 7A90F15D25D8180700AFE203 /* Project object */;
}
